
Microsoft Visual Studio Solution File, Format Version 12.00
# Visual Studio Version 16
VisualStudioVersion = 16.0.31613.86
MinimumVisualStudioVersion = 10.0.40219.1
Project("{FAE04EC0-301F-11D3-BF4B-00C04F79EFBC}") = "Code", "Code\Code.csproj", "{A411FA73-536E-4F1C-BCDE-E8BA3A1CC9CD}"
EndProject
Project("{FAE04EC0-301F-11D3-BF4B-00C04F79EFBC}") = "Tests", "Tests\Tests.csproj", "{F30EBB62-2FBE-4277-866E-98AD32F43437}"
EndProject
Global
	GlobalSection(SolutionConfigurationPlatforms) = preSolution
		Debug|Any CPU = Debug|Any CPU
		Release|Any CPU = Release|Any CPU
	EndGlobalSection
	GlobalSection(ProjectConfigurationPlatforms) = postSolution
		{A411FA73-536E-4F1C-BCDE-E8BA3A1CC9CD}.Debug|Any CPU.ActiveCfg = Debug|Any CPU
		{A411FA73-536E-4F1C-BCDE-E8BA3A1CC9CD}.Debug|Any CPU.Build.0 = Debug|Any CPU
		{A411FA73-536E-4F1C-BCDE-E8BA3A1CC9CD}.Release|Any CPU.ActiveCfg = Release|Any CPU
		{A411FA73-536E-4F1C-BCDE-E8BA3A1CC9CD}.Release|Any CPU.Build.0 = Release|Any CPU
		{F30EBB62-2FBE-4277-866E-98AD32F43437}.Debug|Any CPU.ActiveCfg = Debug|Any CPU
		{F30EBB62-2FBE-4277-866E-98AD32F43437}.Debug|Any CPU.Build.0 = Debug|Any CPU
		{F30EBB62-2FBE-4277-866E-98AD32F43437}.Release|Any CPU.ActiveCfg = Release|Any CPU
		{F30EBB62-2FBE-4277-866E-98AD32F43437}.Release|Any CPU.Build.0 = Release|Any CPU
	EndGlobalSection
	GlobalSection(SolutionProperties) = preSolution
		HideSolutionNode = FALSE
	EndGlobalSection
	GlobalSection(ExtensibilityGlobals) = postSolution
		SolutionGuid = {C0600447-B205-4B6C-B505-3945D04629B2}
	EndGlobalSection
EndGlobal
